
Microsoft Visual Studio Solution File, Format Version 12.00
# Visual Studio Version 17
VisualStudioVersion = 17.0.31903.59
MinimumVisualStudioVersion = 10.0.40219.1
Project("{FAE04EC0-301F-11D3-BF4B-00C04F79EFBC}") = "Monolith", "src\Monolith\Monolith.csproj", "{885539D6-FEE7-4950-8AC5-6FD2FC019798}"
EndProject
Global
	GlobalSection(SolutionConfigurationPlatforms) = preSolution
		Debug|Any CPU = Debug|Any CPU
		Release|Any CPU = Release|Any CPU
	EndGlobalSection
	GlobalSection(ProjectConfigurationPlatforms) = postSolution
		{885539D6-FEE7-4950-8AC5-6FD2FC019798}.Debug|Any CPU.ActiveCfg = Debug|Any CPU
		{885539D6-FEE7-4950-8AC5-6FD2FC019798}.Debug|Any CPU.Build.0 = Debug|Any CPU
		{885539D6-FEE7-4950-8AC5-6FD2FC019798}.Release|Any CPU.ActiveCfg = Release|Any CPU
		{885539D6-FEE7-4950-8AC5-6FD2FC019798}.Release|Any CPU.Build.0 = Release|Any CPU
	EndGlobalSection
	GlobalSection(SolutionProperties) = preSolution
		HideSolutionNode = FALSE
	EndGlobalSection
	GlobalSection(ExtensibilityGlobals) = postSolution
		SolutionGuid = {912ECFA2-5C8C-4176-9272-636DD97398C7}
	EndGlobalSection
EndGlobal
